{
  "requires": true,
  "lockfileVersion": 1,
  "dependencies": {
    "jlpeterson695-palindrome": {
      "version": "0.1.0",
      "resolved": "https://registry.npmjs.org/jlpeterson695-palindrome/-/jlpeterson695-palindrome-0.1.0.tgz",
      "integrity": "sha512-zfbdyTs0sscZMCqhJipJ9ydZNAEDo96qXB8AgPU49D0/YXoER6SJAaYBiT8Qy9cYWhpUiQ18zSxVt5cocJYzcw=="
    }
  }
}
